
Microsoft Visual Studio Solution File, Format Version 12.00
# Visual Studio Version 16
VisualStudioVersion = 16.0.31624.102
MinimumVisualStudioVersion = 10.0.40219.1
Project("{FAE04EC0-301F-11D3-BF4B-00C04F79EFBC}") = "WebApplication2", "WebApplication2\WebApplication2.csproj", "{7FE2FC52-C2C5-4E63-95B3-FC4A3C47207F}"
EndProject
Global
	GlobalSection(SolutionConfigurationPlatforms) = preSolution
		Debug|Any CPU = Debug|Any CPU
		Release|Any CPU = Release|Any CPU
	EndGlobalSection
	GlobalSection(ProjectConfigurationPlatforms) = postSolution
		{7FE2FC52-C2C5-4E63-95B3-FC4A3C47207F}.Debug|Any CPU.ActiveCfg = Debug|Any CPU
		{7FE2FC52-C2C5-4E63-95B3-FC4A3C47207F}.Debug|Any CPU.Build.0 = Debug|Any CPU
		{7FE2FC52-C2C5-4E63-95B3-FC4A3C47207F}.Release|Any CPU.ActiveCfg = Release|Any CPU
		{7FE2FC52-C2C5-4E63-95B3-FC4A3C47207F}.Release|Any CPU.Build.0 = Release|Any CPU
	EndGlobalSection
	GlobalSection(SolutionProperties) = preSolution
		HideSolutionNode = FALSE
	EndGlobalSection
	GlobalSection(ExtensibilityGlobals) = postSolution
		SolutionGuid = {65E772A8-35E3-4B21-9022-A0A8470D6503}
	EndGlobalSection
EndGlobal
